
Microsoft Visual Studio Solution File, Format Version 12.00
# Visual Studio 2017
Project("{FAE04EC0-301F-11D3-BF4B-00C04F79EFBC}") = "empty", "empty.csproj", "{DED7F148-1A1A-34CC-CE03-F85CC015F4A5}"
EndProject
Project("{FAE04EC0-301F-11D3-BF4B-00C04F79EFBC}") = "empty.Editor", "empty.Editor.csproj", "{47CC0545-41B8-0A49-376D-D25D348DCF96}"
EndProject
Global
	GlobalSection(SolutionConfigurationPlatforms) = preSolution
		Debug|Any CPU = Debug|Any CPU
		Release|Any CPU = Release|Any CPU
	EndGlobalSection
	GlobalSection(ProjectConfigurationPlatforms) = postSolution
		{DED7F148-1A1A-34CC-CE03-F85CC015F4A5}.Debug|Any CPU.ActiveCfg = Debug|Any CPU
		{DED7F148-1A1A-34CC-CE03-F85CC015F4A5}.Debug|Any CPU.Build.0 = Debug|Any CPU
		{DED7F148-1A1A-34CC-CE03-F85CC015F4A5}.Release|Any CPU.ActiveCfg = Release|Any CPU
		{DED7F148-1A1A-34CC-CE03-F85CC015F4A5}.Release|Any CPU.Build.0 = Release|Any CPU
		{47CC0545-41B8-0A49-376D-D25D348DCF96}.Debug|Any CPU.ActiveCfg = Debug|Any CPU
		{47CC0545-41B8-0A49-376D-D25D348DCF96}.Debug|Any CPU.Build.0 = Debug|Any CPU
		{47CC0545-41B8-0A49-376D-D25D348DCF96}.Release|Any CPU.ActiveCfg = Release|Any CPU
		{47CC0545-41B8-0A49-376D-D25D348DCF96}.Release|Any CPU.Build.0 = Release|Any CPU
	EndGlobalSection
	GlobalSection(SolutionProperties) = preSolution
		HideSolutionNode = FALSE
	EndGlobalSection
EndGlobal
